
Microsoft Visual Studio Solution File, Format Version 12.00
# Visual Studio 2017
Project("{FAE04EC0-301F-11D3-BF4B-00C04F79EFBC}") = "SaladilloFitVR", "SaladilloFitVR.csproj", "{BD7A075F-4F77-4971-F0F1-0A5D40A4F042}"
EndProject
Project("{FAE04EC0-301F-11D3-BF4B-00C04F79EFBC}") = "SaladilloFitVR.Editor", "SaladilloFitVR.Editor.csproj", "{922E8D50-D141-5FF8-3E55-5A69F45A541F}"
EndProject
Project("{FAE04EC0-301F-11D3-BF4B-00C04F79EFBC}") = "SaladilloFitVR.Editor.Plugins", "SaladilloFitVR.Editor.Plugins.csproj", "{04CDD3B0-370A-F03E-4E0C-85C6317423D4}"
EndProject
Global
	GlobalSection(SolutionConfigurationPlatforms) = preSolution
		Debug|Any CPU = Debug|Any CPU
		Release|Any CPU = Release|Any CPU
	EndGlobalSection
	GlobalSection(ProjectConfigurationPlatforms) = postSolution
		{BD7A075F-4F77-4971-F0F1-0A5D40A4F042}.Debug|Any CPU.ActiveCfg = Debug|Any CPU
		{BD7A075F-4F77-4971-F0F1-0A5D40A4F042}.Debug|Any CPU.Build.0 = Debug|Any CPU
		{BD7A075F-4F77-4971-F0F1-0A5D40A4F042}.Release|Any CPU.ActiveCfg = Release|Any CPU
		{BD7A075F-4F77-4971-F0F1-0A5D40A4F042}.Release|Any CPU.Build.0 = Release|Any CPU
		{922E8D50-D141-5FF8-3E55-5A69F45A541F}.Debug|Any CPU.ActiveCfg = Debug|Any CPU
		{922E8D50-D141-5FF8-3E55-5A69F45A541F}.Debug|Any CPU.Build.0 = Debug|Any CPU
		{922E8D50-D141-5FF8-3E55-5A69F45A541F}.Release|Any CPU.ActiveCfg = Release|Any CPU
		{922E8D50-D141-5FF8-3E55-5A69F45A541F}.Release|Any CPU.Build.0 = Release|Any CPU
		{04CDD3B0-370A-F03E-4E0C-85C6317423D4}.Debug|Any CPU.ActiveCfg = Debug|Any CPU
		{04CDD3B0-370A-F03E-4E0C-85C6317423D4}.Debug|Any CPU.Build.0 = Debug|Any CPU
		{04CDD3B0-370A-F03E-4E0C-85C6317423D4}.Release|Any CPU.ActiveCfg = Release|Any CPU
		{04CDD3B0-370A-F03E-4E0C-85C6317423D4}.Release|Any CPU.Build.0 = Release|Any CPU
	EndGlobalSection
	GlobalSection(SolutionProperties) = preSolution
		HideSolutionNode = FALSE
	EndGlobalSection
EndGlobal
