Microsoft Visual Studio Solution File, Format Version 11.00
# Visual Studio 2010
Project("{E097FAD1-6243-4DAD-9C02-E9B9EFC3FFC1}") = "Assembly-CSharp", "Assembly-CSharp.csproj", "{29127289-D31A-54CE-95B9-F69233DFD73B}"
EndProject
Project("{E097FAD1-6243-4DAD-9C02-E9B9EFC3FFC1}") = "Assembly-CSharp-Editor", "Assembly-CSharp-Editor.csproj", "{9B759383-E678-560C-19DE-D0C2505BC195}"
EndProject
Project("{E097FAD1-6243-4DAD-9C02-E9B9EFC3FFC1}") = "Assembly-CSharp-Editor-firstpass", "Assembly-CSharp-Editor-firstpass.csproj", "{647E3B4A-7840-7269-FB84-7F76D37B1FE9}"
EndProject
Global
	GlobalSection(SolutionConfigurationPlatforms) = preSolution
		Debug|Any CPU = Debug|Any CPU
		Release|Any CPU = Release|Any CPU
	EndGlobalSection
	GlobalSection(ProjectConfigurationPlatforms) = postSolution
		{29127289-D31A-54CE-95B9-F69233DFD73B}.Debug|Any CPU.ActiveCfg = Debug|Any CPU
		{29127289-D31A-54CE-95B9-F69233DFD73B}.Debug|Any CPU.Build.0 = Debug|Any CPU
		{29127289-D31A-54CE-95B9-F69233DFD73B}.Release|Any CPU.ActiveCfg = Release|Any CPU
		{29127289-D31A-54CE-95B9-F69233DFD73B}.Release|Any CPU.Build.0 = Release|Any CPU
		{9B759383-E678-560C-19DE-D0C2505BC195}.Debug|Any CPU.ActiveCfg = Debug|Any CPU
		{9B759383-E678-560C-19DE-D0C2505BC195}.Debug|Any CPU.Build.0 = Debug|Any CPU
		{9B759383-E678-560C-19DE-D0C2505BC195}.Release|Any CPU.ActiveCfg = Release|Any CPU
		{9B759383-E678-560C-19DE-D0C2505BC195}.Release|Any CPU.Build.0 = Release|Any CPU
		{647E3B4A-7840-7269-FB84-7F76D37B1FE9}.Debug|Any CPU.ActiveCfg = Debug|Any CPU
		{647E3B4A-7840-7269-FB84-7F76D37B1FE9}.Debug|Any CPU.Build.0 = Debug|Any CPU
		{647E3B4A-7840-7269-FB84-7F76D37B1FE9}.Release|Any CPU.ActiveCfg = Release|Any CPU
		{647E3B4A-7840-7269-FB84-7F76D37B1FE9}.Release|Any CPU.Build.0 = Release|Any CPU
	EndGlobalSection
	GlobalSection(SolutionProperties) = preSolution
		HideSolutionNode = FALSE
	EndGlobalSection
	GlobalSection(MonoDevelopProperties) = preSolution
		StartupItem = Assembly-CSharp.csproj
	EndGlobalSection
EndGlobal
